// !$*UTF8*$!
{
	archiveVersion = 1;
	classes = {
	};
	objectVersion = 50;
	objects = {

/* Begin PBXBuildFile section */
		33321A8FB6D7C9CB4327C8E8 /* Pods_Alamofire_CoreData.framework in Frameworks */ = {isa = PBXBuildFile; fileRef = 8A4BC2AED29C81AC76E9950D /* Pods_Alamofire_CoreData.framework */; };
		81087546425D23966279AC7D /* Pods_Alamofire_CoreDataUITests.framework in Frameworks */ = {isa = PBXBuildFile; fileRef = ECF0E861B47FCB0CD5B87C11 /* Pods_Alamofire_CoreDataUITests.framework */; };
		B522ACF921A90551004F3451 /* ExiUser.swift in Sources */ = {isa = PBXBuildFile; fileRef = B522ACF821A90551004F3451 /* ExiUser.swift */; };
		B522ACFB21A90559004F3451 /* ExiGroup.swift in Sources */ = {isa = PBXBuildFile; fileRef = B522ACFA21A90559004F3451 /* ExiGroup.swift */; };
		B522ACFD21A9057E004F3451 /* ExiDevice.swift in Sources */ = {isa = PBXBuildFile; fileRef = B522ACFC21A9057E004F3451 /* ExiDevice.swift */; };
		B522ACFF21A90585004F3451 /* UserData.swift in Sources */ = {isa = PBXBuildFile; fileRef = B522ACFE21A90585004F3451 /* UserData.swift */; };
		B522AD0421A913B1004F3451 /* CoreDataSample.swift in Sources */ = {isa = PBXBuildFile; fileRef = B522AD0321A913B1004F3451 /* CoreDataSample.swift */; };
		B522AD2021A94DB6004F3451 /* exi.xcdatamodeld in Sources */ = {isa = PBXBuildFile; fileRef = B522AD1E21A94DB6004F3451 /* exi.xcdatamodeld */; };
		B522AD3A21A95E8E004F3451 /* ExiSharedUser.swift in Sources */ = {isa = PBXBuildFile; fileRef = B522AD3921A95E8E004F3451 /* ExiSharedUser.swift */; };
		B5CDDE1621A8F969009A4B84 /* AppDelegate.swift in Sources */ = {isa = PBXBuildFile; fileRef = B5CDDE1521A8F969009A4B84 /* AppDelegate.swift */; };
		B5CDDE1821A8F969009A4B84 /* ViewController.swift in Sources */ = {isa = PBXBuildFile; fileRef = B5CDDE1721A8F969009A4B84 /* ViewController.swift */; };
		B5CDDE1B21A8F969009A4B84 /* Main.storyboard in Resources */ = {isa = PBXBuildFile; fileRef = B5CDDE1921A8F969009A4B84 /* Main.storyboard */; };
		B5CDDE1D21A8F96C009A4B84 /* Assets.xcassets in Resources */ = {isa = PBXBuildFile; fileRef = B5CDDE1C21A8F96C009A4B84 /* Assets.xcassets */; };
		B5CDDE2021A8F96C009A4B84 /* LaunchScreen.storyboard in Resources */ = {isa = PBXBuildFile; fileRef = B5CDDE1E21A8F96C009A4B84 /* LaunchScreen.storyboard */; };
		B5CDDE2B21A8F96C009A4B84 /* Alamofire_CoreDataUITests.swift in Sources */ = {isa = PBXBuildFile; fileRef = B5CDDE2A21A8F96C009A4B84 /* Alamofire_CoreDataUITests.swift */; };
		B5CDDE3621A8FFC9009A4B84 /* APIClient.swift in Sources */ = {isa = PBXBuildFile; fileRef = B5CDDE3521A8FFC9009A4B84 /* APIClient.swift */; };
		B5CDDE3821A9003B009A4B84 /* Alamofire.framework in Frameworks */ = {isa = PBXBuildFile; fileRef = B5CDDE3721A9003B009A4B84 /* Alamofire.framework */; };
		B5CDDE3A21A9003B009A4B84 /* AlamofireObjectMapper.framework in Frameworks */ = {isa = PBXBuildFile; fileRef = B5CDDE3921A9003B009A4B84 /* AlamofireObjectMapper.framework */; };
		B5CDDE3C21A9003B009A4B84 /* ObjectMapper.framework in Frameworks */ = {isa = PBXBuildFile; fileRef = B5CDDE3B21A9003B009A4B84 /* ObjectMapper.framework */; };
/* End PBXBuildFile section */

/* Begin PBXContainerItemProxy section */
		B5CDDE2721A8F96C009A4B84 /* PBXContainerItemProxy */ = {
			isa = PBXContainerItemProxy;
			containerPortal = B5CDDE0A21A8F969009A4B84 /* Project object */;
			proxyType = 1;
			remoteGlobalIDString = B5CDDE1121A8F969009A4B84;
			remoteInfo = "Alamofire&CoreData";
		};
/* End PBXContainerItemProxy section */

/* Begin PBXFileReference section */
		8A4BC2AED29C81AC76E9950D /* Pods_Alamofire_CoreData.framework */ = {isa = PBXFileReference; explicitFileType = wrapper.framework; includeInIndex = 0; path = Pods_Alamofire_CoreData.framework; sourceTree = BUILT_PRODUCTS_DIR; };
		9C4A4115D667A93CB7A65B6B /* Pods-Alamofire&CoreDataUITests.debug.xcconfig */ = {isa = PBXFileReference; includeInIndex = 1; lastKnownFileType = text.xcconfig; name = "Pods-Alamofire&CoreDataUITests.debug.xcconfig"; path = "Pods/Target Support Files/Pods-Alamofire&CoreDataUITests/Pods-Alamofire&CoreDataUITests.debug.xcconfig"; sourceTree = "<group>"; };
		B522ACF821A90551004F3451 /* ExiUser.swift */ = {isa = PBXFileReference; lastKnownFileType = sourcecode.swift; path = ExiUser.swift; sourceTree = "<group>"; };
		B522ACFA21A90559004F3451 /* ExiGroup.swift */ = {isa = PBXFileReference; lastKnownFileType = sourcecode.swift; path = ExiGroup.swift; sourceTree = "<group>"; };
		B522ACFC21A9057E004F3451 /* ExiDevice.swift */ = {isa = PBXFileReference; lastKnownFileType = sourcecode.swift; path = ExiDevice.swift; sourceTree = "<group>"; };
		B522ACFE21A90585004F3451 /* UserData.swift */ = {isa = PBXFileReference; lastKnownFileType = sourcecode.swift; path = UserData.swift; sourceTree = "<group>"; };
		B522AD0321A913B1004F3451 /* CoreDataSample.swift */ = {isa = PBXFileReference; lastKnownFileType = sourcecode.swift; path = CoreDataSample.swift; sourceTree = "<group>"; };
		B522AD1F21A94DB6004F3451 /* exi.xcdatamodel */ = {isa = PBXFileReference; lastKnownFileType = wrapper.xcdatamodel; path = exi.xcdatamodel; sourceTree = "<group>"; };
		B522AD3921A95E8E004F3451 /* ExiSharedUser.swift */ = {isa = PBXFileReference; fileEncoding = 4; lastKnownFileType = sourcecode.swift; path = ExiSharedUser.swift; sourceTree = "<group>"; };
		B5CDDE1221A8F969009A4B84 /* Alamofire&CoreData.app */ = {isa = PBXFileReference; explicitFileType = wrapper.application; includeInIndex = 0; path = "Alamofire&CoreData.app"; sourceTree = BUILT_PRODUCTS_DIR; };
		B5CDDE1521A8F969009A4B84 /* AppDelegate.swift */ = {isa = PBXFileReference; lastKnownFileType = sourcecode.swift; path = AppDelegate.swift; sourceTree = "<group>"; };
		B5CDDE1721A8F969009A4B84 /* ViewController.swift */ = {isa = PBXFileReference; lastKnownFileType = sourcecode.swift; path = ViewController.swift; sourceTree = "<group>"; };
		B5CDDE1A21A8F969009A4B84 /* Base */ = {isa = PBXFileReference; lastKnownFileType = file.storyboard; name = Base; path = Base.lproj/Main.storyboard; sourceTree = "<group>"; };
		B5CDDE1C21A8F96C009A4B84 /* Assets.xcassets */ = {isa = PBXFileReference; lastKnownFileType = folder.assetcatalog; path = Assets.xcassets; sourceTree = "<group>"; };
		B5CDDE1F21A8F96C009A4B84 /* Base */ = {isa = PBXFileReference; lastKnownFileType = file.storyboard; name = Base; path = Base.lproj/LaunchScreen.storyboard; sourceTree = "<group>"; };
		B5CDDE2121A8F96C009A4B84 /* Info.plist */ = {isa = PBXFileReference; lastKnownFileType = text.plist.xml; path = Info.plist; sourceTree = "<group>"; };
		B5CDDE2621A8F96C009A4B84 /* Alamofire&CoreDataUITests.xctest */ = {isa = PBXFileReference; explicitFileType = wrapper.cfbundle; includeInIndex = 0; path = "Alamofire&CoreDataUITests.xctest"; sourceTree = BUILT_PRODUCTS_DIR; };
		B5CDDE2A21A8F96C009A4B84 /* Alamofire_CoreDataUITests.swift */ = {isa = PBXFileReference; lastKnownFileType = sourcecode.swift; path = Alamofire_CoreDataUITests.swift; sourceTree = "<group>"; };
		B5CDDE2C21A8F96C009A4B84 /* Info.plist */ = {isa = PBXFileReference; lastKnownFileType = text.plist.xml; path = Info.plist; sourceTree = "<group>"; };
		B5CDDE3521A8FFC9009A4B84 /* APIClient.swift */ = {isa = PBXFileReference; lastKnownFileType = sourcecode.swift; path = APIClient.swift; sourceTree = "<group>"; };
		B5CDDE3721A9003B009A4B84 /* Alamofire.framework */ = {isa = PBXFileReference; explicitFileType = wrapper.framework; path = Alamofire.framework; sourceTree = BUILT_PRODUCTS_DIR; };
		B5CDDE3921A9003B009A4B84 /* AlamofireObjectMapper.framework */ = {isa = PBXFileReference; explicitFileType = wrapper.framework; path = AlamofireObjectMapper.framework; sourceTree = BUILT_PRODUCTS_DIR; };
		B5CDDE3B21A9003B009A4B84 /* ObjectMapper.framework */ = {isa = PBXFileReference; explicitFileType = wrapper.framework; path = ObjectMapper.framework; sourceTree = BUILT_PRODUCTS_DIR; };
		B7DC8A886224BDA948C05DF9 /* Pods-Alamofire&CoreDataUITests.release.xcconfig */ = {isa = PBXFileReference; includeInIndex = 1; lastKnownFileType = text.xcconfig; name = "Pods-Alamofire&CoreDataUITests.release.xcconfig"; path = "Pods/Target Support Files/Pods-Alamofire&CoreDataUITests/Pods-Alamofire&CoreDataUITests.release.xcconfig"; sourceTree = "<group>"; };
		CC541165DFA8C332CC4238EB /* Pods-Alamofire&CoreData.release.xcconfig */ = {isa = PBXFileReference; includeInIndex = 1; lastKnownFileType = text.xcconfig; name = "Pods-Alamofire&CoreData.release.xcconfig"; path = "Pods/Target Support Files/Pods-Alamofire&CoreData/Pods-Alamofire&CoreData.release.xcconfig"; sourceTree = "<group>"; };
		ECF0E861B47FCB0CD5B87C11 /* Pods_Alamofire_CoreDataUITests.framework */ = {isa = PBXFileReference; explicitFileType = wrapper.framework; includeInIndex = 0; path = Pods_Alamofire_CoreDataUITests.framework; sourceTree = BUILT_PRODUCTS_DIR; };
		FE816A5D077E9DA6F3C5B240 /* Pods-Alamofire&CoreData.debug.xcconfig */ = {isa = PBXFileReference; includeInIndex = 1; lastKnownFileType = text.xcconfig; name = "Pods-Alamofire&CoreData.debug.xcconfig"; path = "Pods/Target Support Files/Pods-Alamofire&CoreData/Pods-Alamofire&CoreData.debug.xcconfig"; sourceTree = "<group>"; };
/* End PBXFileReference section */

/* Begin PBXFrameworksBuildPhase section */
		B5CDDE0F21A8F969009A4B84 /* Frameworks */ = {
			isa = PBXFrameworksBuildPhase;
			buildActionMask = 2147483647;
			files = (
				B5CDDE3821A9003B009A4B84 /* Alamofire.framework in Frameworks */,
				B5CDDE3A21A9003B009A4B84 /* AlamofireObjectMapper.framework in Frameworks */,
				B5CDDE3C21A9003B009A4B84 /* ObjectMapper.framework in Frameworks */,
				33321A8FB6D7C9CB4327C8E8 /* Pods_Alamofire_CoreData.framework in Frameworks */,
			);
			runOnlyForDeploymentPostprocessing = 0;
		};
		B5CDDE2321A8F96C009A4B84 /* Frameworks */ = {
			isa = PBXFrameworksBuildPhase;
			buildActionMask = 2147483647;
			files = (
				81087546425D23966279AC7D /* Pods_Alamofire_CoreDataUITests.framework in Frameworks */,
			);
			runOnlyForDeploymentPostprocessing = 0;
		};
/* End PBXFrameworksBuildPhase section */

/* Begin PBXGroup section */
		32356499163CB26400B1D976 /* Frameworks */ = {
			isa = PBXGroup;
			children = (
				B5CDDE3721A9003B009A4B84 /* Alamofire.framework */,
				B5CDDE3921A9003B009A4B84 /* AlamofireObjectMapper.framework */,
				B5CDDE3B21A9003B009A4B84 /* ObjectMapper.framework */,
				8A4BC2AED29C81AC76E9950D /* Pods_Alamofire_CoreData.framework */,
				ECF0E861B47FCB0CD5B87C11 /* Pods_Alamofire_CoreDataUITests.framework */,
			);
			name = Frameworks;
			sourceTree = "<group>";
		};
		B522AD1D21A94D07004F3451 /* core-data */ = {
			isa = PBXGroup;
			children = (
			);
			name = "core-data";
			path = "New Group";
			sourceTree = "<group>";
		};
		B5CDDE0921A8F969009A4B84 = {
			isa = PBXGroup;
			children = (
				B522AD1E21A94DB6004F3451 /* exi.xcdatamodeld */,
				B5CDDE1421A8F969009A4B84 /* Alamofire&CoreData */,
				B5CDDE2921A8F96C009A4B84 /* Alamofire&CoreDataUITests */,
				B5CDDE1321A8F969009A4B84 /* Products */,
				E05B1721039693AE9BBDD9E3 /* Pods */,
				32356499163CB26400B1D976 /* Frameworks */,
			);
			sourceTree = "<group>";
		};
		B5CDDE1321A8F969009A4B84 /* Products */ = {
			isa = PBXGroup;
			children = (
				B5CDDE1221A8F969009A4B84 /* Alamofire&CoreData.app */,
				B5CDDE2621A8F96C009A4B84 /* Alamofire&CoreDataUITests.xctest */,
			);
			name = Products;
			sourceTree = "<group>";
		};
		B5CDDE1421A8F969009A4B84 /* Alamofire&CoreData */ = {
			isa = PBXGroup;
			children = (
				B522AD1D21A94D07004F3451 /* core-data */,
				B5CDDE1521A8F969009A4B84 /* AppDelegate.swift */,
				B5CDDE1721A8F969009A4B84 /* ViewController.swift */,
				B5CDDE1921A8F969009A4B84 /* Main.storyboard */,
				B5CDDE1C21A8F96C009A4B84 /* Assets.xcassets */,
				B5CDDE1E21A8F96C009A4B84 /* LaunchScreen.storyboard */,
				B5CDDE2121A8F96C009A4B84 /* Info.plist */,
				B5CDDE3521A8FFC9009A4B84 /* APIClient.swift */,
				B522AD0321A913B1004F3451 /* CoreDataSample.swift */,
				B522ACF821A90551004F3451 /* ExiUser.swift */,
				B522AD3921A95E8E004F3451 /* ExiSharedUser.swift */,
				B522ACFE21A90585004F3451 /* UserData.swift */,
				B522ACFC21A9057E004F3451 /* ExiDevice.swift */,
				B522ACFA21A90559004F3451 /* ExiGroup.swift */,
			);
			path = "Alamofire&CoreData";
			sourceTree = "<group>";
		};
		B5CDDE2921A8F96C009A4B84 /* Alamofire&CoreDataUITests */ = {
			isa = PBXGroup;
			children = (
				B5CDDE2A21A8F96C009A4B84 /* Alamofire_CoreDataUITests.swift */,
				B5CDDE2C21A8F96C009A4B84 /* Info.plist */,
			);
			path = "Alamofire&CoreDataUITests";
			sourceTree = "<group>";
		};
		E05B1721039693AE9BBDD9E3 /* Pods */ = {
			isa = PBXGroup;
			children = (
				FE816A5D077E9DA6F3C5B240 /* Pods-Alamofire&CoreData.debug.xcconfig */,
				CC541165DFA8C332CC4238EB /* Pods-Alamofire&CoreData.release.xcconfig */,
				9C4A4115D667A93CB7A65B6B /* Pods-Alamofire&CoreDataUITests.debug.xcconfig */,
				B7DC8A886224BDA948C05DF9 /* Pods-Alamofire&CoreDataUITests.release.xcconfig */,
			);
			name = Pods;
			sourceTree = "<group>";
		};
/* End PBXGroup section */

/* Begin PBXNativeTarget section */
		B5CDDE1121A8F969009A4B84 /* Alamofire&CoreData */ = {
			isa = PBXNativeTarget;
			buildConfigurationList = B5CDDE2F21A8F96C009A4B84 /* Build configuration list for PBXNativeTarget "Alamofire&CoreData" */;
			buildPhases = (
				4AE7936CED4967623B19C83B /* [CP] Check Pods Manifest.lock */,
				B5CDDE0E21A8F969009A4B84 /* Sources */,
				B5CDDE0F21A8F969009A4B84 /* Frameworks */,
				B5CDDE1021A8F969009A4B84 /* Resources */,
				F998AFA3B97B878E64E8A191 /* [CP] Embed Pods Frameworks */,
			);
			buildRules = (
			);
			dependencies = (
			);
			name = "Alamofire&CoreData";
			productName = "Alamofire&CoreData";
			productReference = B5CDDE1221A8F969009A4B84 /* Alamofire&CoreData.app */;
			productType = "com.apple.product-type.application";
		};
		B5CDDE2521A8F96C009A4B84 /* Alamofire&CoreDataUITests */ = {
			isa = PBXNativeTarget;
			buildConfigurationList = B5CDDE3221A8F96C009A4B84 /* Build configuration list for PBXNativeTarget "Alamofire&CoreDataUITests" */;
			buildPhases = (
				75D7698875118AFD6D48B0CE /* [CP] Check Pods Manifest.lock */,
				B5CDDE2221A8F96C009A4B84 /* Sources */,
				B5CDDE2321A8F96C009A4B84 /* Frameworks */,
				B5CDDE2421A8F96C009A4B84 /* Resources */,
			);
			buildRules = (
			);
			dependencies = (
				B5CDDE2821A8F96C009A4B84 /* PBXTargetDependency */,
			);
			name = "Alamofire&CoreDataUITests";
			productName = "Alamofire&CoreDataUITests";
			productReference = B5CDDE2621A8F96C009A4B84 /* Alamofire&CoreDataUITests.xctest */;
			productType = "com.apple.product-type.bundle.ui-testing";
		};
/* End PBXNativeTarget section */

/* Begin PBXProject section */
		B5CDDE0A21A8F969009A4B84 /* Project object */ = {
			isa = PBXProject;
			attributes = {
				LastSwiftUpdateCheck = 0940;
				LastUpgradeCheck = 0940;
				ORGANIZATIONNAME = "Hay Tran Van";
				TargetAttributes = {
					B5CDDE1121A8F969009A4B84 = {
						CreatedOnToolsVersion = 9.4.1;
					};
					B5CDDE2521A8F96C009A4B84 = {
						CreatedOnToolsVersion = 9.4.1;
						TestTargetID = B5CDDE1121A8F969009A4B84;
					};
				};
			};
			buildConfigurationList = B5CDDE0D21A8F969009A4B84 /* Build configuration list for PBXProject "Alamofire&CoreData" */;
			compatibilityVersion = "Xcode 9.3";
			developmentRegion = en;
			hasScannedForEncodings = 0;
			knownRegions = (
				en,
				Base,
			);
			mainGroup = B5CDDE0921A8F969009A4B84;
			productRefGroup = B5CDDE1321A8F969009A4B84 /* Products */;
			projectDirPath = "";
			projectRoot = "";
			targets = (
				B5CDDE1121A8F969009A4B84 /* Alamofire&CoreData */,
				B5CDDE2521A8F96C009A4B84 /* Alamofire&CoreDataUITests */,
			);
		};
/* End PBXProject section */

/* Begin PBXResourcesBuildPhase section */
		B5CDDE1021A8F969009A4B84 /* Resources */ = {
			isa = PBXResourcesBuildPhase;
			buildActionMask = 2147483647;
			files = (
				B5CDDE2021A8F96C009A4B84 /* LaunchScreen.storyboard in Resources */,
				B5CDDE1D21A8F96C009A4B84 /* Assets.xcassets in Resources */,
				B5CDDE1B21A8F969009A4B84 /* Main.storyboard in Resources */,
			);
			runOnlyForDeploymentPostprocessing = 0;
		};
		B5CDDE2421A8F96C009A4B84 /* Resources */ = {
			isa = PBXResourcesBuildPhase;
			buildActionMask = 2147483647;
			files = (
			);
			runOnlyForDeploymentPostprocessing = 0;
		};
/* End PBXResourcesBuildPhase section */

/* Begin PBXShellScriptBuildPhase section */
		4AE7936CED4967623B19C83B /* [CP] Check Pods Manifest.lock */ = {
			isa = PBXShellScriptBuildPhase;
			buildActionMask = 2147483647;
			files = (
			);
			inputPaths = (
				"${PODS_PODFILE_DIR_PATH}/Podfile.lock",
				"${PODS_ROOT}/Manifest.lock",
			);
			name = "[CP] Check Pods Manifest.lock";
			outputPaths = (
				"$(DERIVED_FILE_DIR)/Pods-Alamofire&CoreData-checkManifestLockResult.txt",
			);
			runOnlyForDeploymentPostprocessing = 0;
			shellPath = /bin/sh;
			shellScript = "diff \"${PODS_PODFILE_DIR_PATH}/Podfile.lock\" \"${PODS_ROOT}/Manifest.lock\" > /dev/null\nif [ $? != 0 ] ; then\n    # print error to STDERR\n    echo \"error: The sandbox is not in sync with the Podfile.lock. Run 'pod install' or update your CocoaPods installation.\" >&2\n    exit 1\nfi\n# This output is used by Xcode 'outputs' to avoid re-running this script phase.\necho \"SUCCESS\" > \"${SCRIPT_OUTPUT_FILE_0}\"\n";
			showEnvVarsInLog = 0;
		};
		75D7698875118AFD6D48B0CE /* [CP] Check Pods Manifest.lock */ = {
			isa = PBXShellScriptBuildPhase;
			buildActionMask = 2147483647;
			files = (
			);
			inputPaths = (
				"${PODS_PODFILE_DIR_PATH}/Podfile.lock",
				"${PODS_ROOT}/Manifest.lock",
			);
			name = "[CP] Check Pods Manifest.lock";
			outputPaths = (
				"$(DERIVED_FILE_DIR)/Pods-Alamofire&CoreDataUITests-checkManifestLockResult.txt",
			);
			runOnlyForDeploymentPostprocessing = 0;
			shellPath = /bin/sh;
			shellScript = "diff \"${PODS_PODFILE_DIR_PATH}/Podfile.lock\" \"${PODS_ROOT}/Manifest.lock\" > /dev/null\nif [ $? != 0 ] ; then\n    # print error to STDERR\n    echo \"error: The sandbox is not in sync with the Podfile.lock. Run 'pod install' or update your CocoaPods installation.\" >&2\n    exit 1\nfi\n# This output is used by Xcode 'outputs' to avoid re-running this script phase.\necho \"SUCCESS\" > \"${SCRIPT_OUTPUT_FILE_0}\"\n";
			showEnvVarsInLog = 0;
		};
		F998AFA3B97B878E64E8A191 /* [CP] Embed Pods Frameworks */ = {
			isa = PBXShellScriptBuildPhase;
			buildActionMask = 2147483647;
			files = (
			);
			inputPaths = (
				"${SRCROOT}/Pods/Target Support Files/Pods-Alamofire&CoreData/Pods-Alamofire&CoreData-frameworks.sh",
				"${BUILT_PRODUCTS_DIR}/Alamofire/Alamofire.framework",
				"${BUILT_PRODUCTS_DIR}/AlamofireObjectMapper/AlamofireObjectMapper.framework",
				"${BUILT_PRODUCTS_DIR}/ObjectMapper/ObjectMapper.framework",
				"${BUILT_PRODUCTS_DIR}/RxAtomic/RxAtomic.framework",
				"${BUILT_PRODUCTS_DIR}/RxCocoa/RxCocoa.framework",
				"${BUILT_PRODUCTS_DIR}/RxSwift/RxSwift.framework",
			);
			name = "[CP] Embed Pods Frameworks";
			outputPaths = (
				"${TARGET_BUILD_DIR}/${FRAMEWORKS_FOLDER_PATH}/Alamofire.framework",
				"${TARGET_BUILD_DIR}/${FRAMEWORKS_FOLDER_PATH}/AlamofireObjectMapper.framework",
				"${TARGET_BUILD_DIR}/${FRAMEWORKS_FOLDER_PATH}/ObjectMapper.framework",
				"${TARGET_BUILD_DIR}/${FRAMEWORKS_FOLDER_PATH}/RxAtomic.framework",
				"${TARGET_BUILD_DIR}/${FRAMEWORKS_FOLDER_PATH}/RxCocoa.framework",
				"${TARGET_BUILD_DIR}/${FRAMEWORKS_FOLDER_PATH}/RxSwift.framework",
			);
			runOnlyForDeploymentPostprocessing = 0;
			shellPath = /bin/sh;
			shellScript = "\"${SRCROOT}/Pods/Target Support Files/Pods-Alamofire&CoreData/Pods-Alamofire&CoreData-frameworks.sh\"\n";
			showEnvVarsInLog = 0;
		};
/* End PBXShellScriptBuildPhase section */

/* Begin PBXSourcesBuildPhase section */
		B5CDDE0E21A8F969009A4B84 /* Sources */ = {
			isa = PBXSourcesBuildPhase;
			buildActionMask = 2147483647;
			files = (
				B522AD3A21A95E8E004F3451 /* ExiSharedUser.swift in Sources */,
				B522ACFF21A90585004F3451 /* UserData.swift in Sources */,
				B522ACFB21A90559004F3451 /* ExiGroup.swift in Sources */,
				B522ACF921A90551004F3451 /* ExiUser.swift in Sources */,
				B5CDDE1821A8F969009A4B84 /* ViewController.swift in Sources */,
				B522AD0421A913B1004F3451 /* CoreDataSample.swift in Sources */,
				B522AD2021A94DB6004F3451 /* exi.xcdatamodeld in Sources */,
				B522ACFD21A9057E004F3451 /* ExiDevice.swift in Sources */,
				B5CDDE1621A8F969009A4B84 /* AppDelegate.swift in Sources */,
				B5CDDE3621A8FFC9009A4B84 /* APIClient.swift in Sources */,
			);
			runOnlyForDeploymentPostprocessing = 0;
		};
		B5CDDE2221A8F96C009A4B84 /* Sources */ = {
			isa = PBXSourcesBuildPhase;
			buildActionMask = 2147483647;
			files = (
				B5CDDE2B21A8F96C009A4B84 /* Alamofire_CoreDataUITests.swift in Sources */,
			);
			runOnlyForDeploymentPostprocessing = 0;
		};
/* End PBXSourcesBuildPhase section */

/* Begin PBXTargetDependency section */
		B5CDDE2821A8F96C009A4B84 /* PBXTargetDependency */ = {
			isa = PBXTargetDependency;
			target = B5CDDE1121A8F969009A4B84 /* Alamofire&CoreData */;
			targetProxy = B5CDDE2721A8F96C009A4B84 /* PBXContainerItemProxy */;
		};
/* End PBXTargetDependency section */

/* Begin PBXVariantGroup section */
		B5CDDE1921A8F969009A4B84 /* Main.storyboard */ = {
			isa = PBXVariantGroup;
			children = (
				B5CDDE1A21A8F969009A4B84 /* Base */,
			);
			name = Main.storyboard;
			sourceTree = "<group>";
		};
		B5CDDE1E21A8F96C009A4B84 /* LaunchScreen.storyboard */ = {
			isa = PBXVariantGroup;
			children = (
				B5CDDE1F21A8F96C009A4B84 /* Base */,
			);
			name = LaunchScreen.storyboard;
			sourceTree = "<group>";
		};
/* End PBXVariantGroup section */

/* Begin XCBuildConfiguration section */
		B5CDDE2D21A8F96C009A4B84 /* Debug */ = {
			isa = XCBuildConfiguration;
			buildSettings = {
				ALWAYS_SEARCH_USER_PATHS = NO;
				CLANG_ANALYZER_NONNULL = YES;
				CLANG_ANALYZER_NUMBER_OBJECT_CONVERSION = YES_AGGRESSIVE;
				CLANG_CXX_LANGUAGE_STANDARD = "gnu++14";
				CLANG_CXX_LIBRARY = "libc++";
				CLANG_ENABLE_MODULES = YES;
				CLANG_ENABLE_OBJC_ARC = YES;
				CLANG_ENABLE_OBJC_WEAK = YES;
				CLANG_WARN_BLOCK_CAPTURE_AUTORELEASING = YES;
				CLANG_WARN_BOOL_CONVERSION = YES;
				CLANG_WARN_COMMA = YES;
				CLANG_WARN_CONSTANT_CONVERSION = YES;
				CLANG_WARN_DEPRECATED_OBJC_IMPLEMENTATIONS = YES;
				CLANG_WARN_DIRECT_OBJC_ISA_USAGE = YES_ERROR;
				CLANG_WARN_DOCUMENTATION_COMMENTS = YES;
				CLANG_WARN_EMPTY_BODY = YES;
				CLANG_WARN_ENUM_CONVERSION = YES;
				CLANG_WARN_INFINITE_RECURSION = YES;
				CLANG_WARN_INT_CONVERSION = YES;
				CLANG_WARN_NON_LITERAL_NULL_CONVERSION = YES;
				CLANG_WARN_OBJC_IMPLICIT_RETAIN_SELF = YES;
				CLANG_WARN_OBJC_LITERAL_CONVERSION = YES;
				CLANG_WARN_OBJC_ROOT_CLASS = YES_ERROR;
				CLANG_WARN_RANGE_LOOP_ANALYSIS = YES;
				CLANG_WARN_STRICT_PROTOTYPES = YES;
				CLANG_WARN_SUSPICIOUS_MOVE = YES;
				CLANG_WARN_UNGUARDED_AVAILABILITY = YES_AGGRESSIVE;
				CLANG_WARN_UNREACHABLE_CODE = YES;
				CLANG_WARN__DUPLICATE_METHOD_MATCH = YES;
				CODE_SIGN_IDENTITY = "iPhone Developer";
				COPY_PHASE_STRIP = NO;
				DEBUG_INFORMATION_FORMAT = dwarf;
				ENABLE_STRICT_OBJC_MSGSEND = YES;
				ENABLE_TESTABILITY = YES;
				GCC_C_LANGUAGE_STANDARD = gnu11;
				GCC_DYNAMIC_NO_PIC = NO;
				GCC_NO_COMMON_BLOCKS = YES;
				GCC_OPTIMIZATION_LEVEL = 0;
				GCC_PREPROCESSOR_DEFINITIONS = (
					"DEBUG=1",
					"$(inherited)",
				);
				GCC_WARN_64_TO_32_BIT_CONVERSION = YES;
				GCC_WARN_ABOUT_RETURN_TYPE = YES_ERROR;
				GCC_WARN_UNDECLARED_SELECTOR = YES;
				GCC_WARN_UNINITIALIZED_AUTOS = YES_AGGRESSIVE;
				GCC_WARN_UNUSED_FUNCTION = YES;
				GCC_WARN_UNUSED_VARIABLE = YES;
				IPHONEOS_DEPLOYMENT_TARGET = 11.4;
				MTL_ENABLE_DEBUG_INFO = YES;
				ONLY_ACTIVE_ARCH = YES;
				SDKROOT = iphoneos;
				SWIFT_ACTIVE_COMPILATION_CONDITIONS = DEBUG;
				SWIFT_OPTIMIZATION_LEVEL = "-Onone";
			};
			name = Debug;
		};
		B5CDDE2E21A8F96C009A4B84 /* Release */ = {
			isa = XCBuildConfiguration;
			buildSettings = {
				ALWAYS_SEARCH_USER_PATHS = NO;
				CLANG_ANALYZER_NONNULL = YES;
				CLANG_ANALYZER_NUMBER_OBJECT_CONVERSION = YES_AGGRESSIVE;
				CLANG_CXX_LANGUAGE_STANDARD = "gnu++14";
				CLANG_CXX_LIBRARY = "libc++";
				CLANG_ENABLE_MODULES = YES;
				CLANG_ENABLE_OBJC_ARC = YES;
				CLANG_ENABLE_OBJC_WEAK = YES;
				CLANG_WARN_BLOCK_CAPTURE_AUTORELEASING = YES;
				CLANG_WARN_BOOL_CONVERSION = YES;
				CLANG_WARN_COMMA = YES;
				CLANG_WARN_CONSTANT_CONVERSION = YES;
				CLANG_WARN_DEPRECATED_OBJC_IMPLEMENTATIONS = YES;
				CLANG_WARN_DIRECT_OBJC_ISA_USAGE = YES_ERROR;
				CLANG_WARN_DOCUMENTATION_COMMENTS = YES;
				CLANG_WARN_EMPTY_BODY = YES;
				CLANG_WARN_ENUM_CONVERSION = YES;
				CLANG_WARN_INFINITE_RECURSION = YES;
				CLANG_WARN_INT_CONVERSION = YES;
				CLANG_WARN_NON_LITERAL_NULL_CONVERSION = YES;
				CLANG_WARN_OBJC_IMPLICIT_RETAIN_SELF = YES;
				CLANG_WARN_OBJC_LITERAL_CONVERSION = YES;
				CLANG_WARN_OBJC_ROOT_CLASS = YES_ERROR;
				CLANG_WARN_RANGE_LOOP_ANALYSIS = YES;
				CLANG_WARN_STRICT_PROTOTYPES = YES;
				CLANG_WARN_SUSPICIOUS_MOVE = YES;
				CLANG_WARN_UNGUARDED_AVAILABILITY = YES_AGGRESSIVE;
				CLANG_WARN_UNREACHABLE_CODE = YES;
				CLANG_WARN__DUPLICATE_METHOD_MATCH = YES;
				CODE_SIGN_IDENTITY = "iPhone Developer";
				COPY_PHASE_STRIP = NO;
				DEBUG_INFORMATION_FORMAT = "dwarf-with-dsym";
				ENABLE_NS_ASSERTIONS = NO;
				ENABLE_STRICT_OBJC_MSGSEND = YES;
				GCC_C_LANGUAGE_STANDARD = gnu11;
				GCC_NO_COMMON_BLOCKS = YES;
				GCC_WARN_64_TO_32_BIT_CONVERSION = YES;
				GCC_WARN_ABOUT_RETURN_TYPE = YES_ERROR;
				GCC_WARN_UNDECLARED_SELECTOR = YES;
				GCC_WARN_UNINITIALIZED_AUTOS = YES_AGGRESSIVE;
				GCC_WARN_UNUSED_FUNCTION = YES;
				GCC_WARN_UNUSED_VARIABLE = YES;
				IPHONEOS_DEPLOYMENT_TARGET = 11.4;
				MTL_ENABLE_DEBUG_INFO = NO;
				SDKROOT = iphoneos;
				SWIFT_COMPILATION_MODE = wholemodule;
				SWIFT_OPTIMIZATION_LEVEL = "-O";
				VALIDATE_PRODUCT = YES;
			};
			name = Release;
		};
		B5CDDE3021A8F96C009A4B84 /* Debug */ = {
			isa = XCBuildConfiguration;
			baseConfigurationReference = FE816A5D077E9DA6F3C5B240 /* Pods-Alamofire&CoreData.debug.xcconfig */;
			buildSettings = {
				ASSETCATALOG_COMPILER_APPICON_NAME = AppIcon;
				CODE_SIGN_STYLE = Automatic;
				DEVELOPMENT_TEAM = J9BDLQP95V;
				INFOPLIST_FILE = "Alamofire&CoreData/Info.plist";
				IPHONEOS_DEPLOYMENT_TARGET = 10.3;
				LD_RUNPATH_SEARCH_PATHS = (
					"$(inherited)",
					"@executable_path/Frameworks",
				);
				PRODUCT_BUNDLE_IDENTIFIER = "com.haytran.Alamofire-CoreData";
				PRODUCT_NAME = "$(TARGET_NAME)";
				SWIFT_VERSION = 4.0;
				TARGETED_DEVICE_FAMILY = "1,2";
			};
			name = Debug;
		};
		B5CDDE3121A8F96C009A4B84 /* Release */ = {
			isa = XCBuildConfiguration;
			baseConfigurationReference = CC541165DFA8C332CC4238EB /* Pods-Alamofire&CoreData.release.xcconfig */;
			buildSettings = {
				ASSETCATALOG_COMPILER_APPICON_NAME = AppIcon;
				CODE_SIGN_STYLE = Automatic;
				DEVELOPMENT_TEAM = J9BDLQP95V;
				INFOPLIST_FILE = "Alamofire&CoreData/Info.plist";
				IPHONEOS_DEPLOYMENT_TARGET = 10.3;
				LD_RUNPATH_SEARCH_PATHS = (
					"$(inherited)",
					"@executable_path/Frameworks",
				);
				PRODUCT_BUNDLE_IDENTIFIER = "com.haytran.Alamofire-CoreData";
				PRODUCT_NAME = "$(TARGET_NAME)";
				SWIFT_VERSION = 4.0;
				TARGETED_DEVICE_FAMILY = "1,2";
			};
			name = Release;
		};
		B5CDDE3321A8F96C009A4B84 /* Debug */ = {
			isa = XCBuildConfiguration;
			baseConfigurationReference = 9C4A4115D667A93CB7A65B6B /* Pods-Alamofire&CoreDataUITests.debug.xcconfig */;
			buildSettings = {
				ALWAYS_EMBED_SWIFT_STANDARD_LIBRARIES = YES;
				CODE_SIGN_STYLE = Automatic;
				DEVELOPMENT_TEAM = J9BDLQP95V;
				INFOPLIST_FILE = "Alamofire&CoreDataUITests/Info.plist";
				LD_RUNPATH_SEARCH_PATHS = (
					"$(inherited)",
					"@executable_path/Frameworks",
					"@loader_path/Frameworks",
				);
				PRODUCT_BUNDLE_IDENTIFIER = "com.haytran.Alamofire-CoreDataUITests";
				PRODUCT_NAME = "$(TARGET_NAME)";
				SWIFT_VERSION = 4.0;
				TARGETED_DEVICE_FAMILY = "1,2";
				TEST_TARGET_NAME = "Alamofire&CoreData";
			};
			name = Debug;
		};
		B5CDDE3421A8F96C009A4B84 /* Release */ = {
			isa = XCBuildConfiguration;
			baseConfigurationReference = B7DC8A886224BDA948C05DF9 /* Pods-Alamofire&CoreDataUITests.release.xcconfig */;
			buildSettings = {
				ALWAYS_EMBED_SWIFT_STANDARD_LIBRARIES = YES;
				CODE_SIGN_STYLE = Automatic;
				DEVELOPMENT_TEAM = J9BDLQP95V;
				INFOPLIST_FILE = "Alamofire&CoreDataUITests/Info.plist";
				LD_RUNPATH_SEARCH_PATHS = (
					"$(inherited)",
					"@executable_path/Frameworks",
					"@loader_path/Frameworks",
				);
				PRODUCT_BUNDLE_IDENTIFIER = "com.haytran.Alamofire-CoreDataUITests";
				PRODUCT_NAME = "$(TARGET_NAME)";
				SWIFT_VERSION = 4.0;
				TARGETED_DEVICE_FAMILY = "1,2";
				TEST_TARGET_NAME = "Alamofire&CoreData";
			};
			name = Release;
		};
/* End XCBuildConfiguration section */

/* Begin XCConfigurationList section */
		B5CDDE0D21A8F969009A4B84 /* Build configuration list for PBXProject "Alamofire&CoreData" */ = {
			isa = XCConfigurationList;
			buildConfigurations = (
				B5CDDE2D21A8F96C009A4B84 /* Debug */,
				B5CDDE2E21A8F96C009A4B84 /* Release */,
			);
			defaultConfigurationIsVisible = 0;
			defaultConfigurationName = Release;
		};
		B5CDDE2F21A8F96C009A4B84 /* Build configuration list for PBXNativeTarget "Alamofire&CoreData" */ = {
			isa = XCConfigurationList;
			buildConfigurations = (
				B5CDDE3021A8F96C009A4B84 /* Debug */,
				B5CDDE3121A8F96C009A4B84 /* Release */,
			);
			defaultConfigurationIsVisible = 0;
			defaultConfigurationName = Release;
		};
		B5CDDE3221A8F96C009A4B84 /* Build configuration list for PBXNativeTarget "Alamofire&CoreDataUITests" */ = {
			isa = XCConfigurationList;
			buildConfigurations = (
				B5CDDE3321A8F96C009A4B84 /* Debug */,
				B5CDDE3421A8F96C009A4B84 /* Release */,
			);
			defaultConfigurationIsVisible = 0;
			defaultConfigurationName = Release;
		};
/* End XCConfigurationList section */

/* Begin XCVersionGroup section */
		B522AD1E21A94DB6004F3451 /* exi.xcdatamodeld */ = {
			isa = XCVersionGroup;
			children = (
				B522AD1F21A94DB6004F3451 /* exi.xcdatamodel */,
			);
			currentVersion = B522AD1F21A94DB6004F3451 /* exi.xcdatamodel */;
			path = exi.xcdatamodeld;
			sourceTree = "<group>";
			versionGroupType = wrapper.xcdatamodel;
		};
/* End XCVersionGroup section */
	};
	rootObject = B5CDDE0A21A8F969009A4B84 /* Project object */;
}
